
Microsoft Visual Studio Solution File, Format Version 12.00
# Visual Studio Version 17
VisualStudioVersion = 17.2.32526.322
MinimumVisualStudioVersion = 10.0.40219.1
Project("{9A19103F-16F7-4668-BE54-9A1E7A4F7556}") = "ProyectoNetWork.Api", "ProyectoNetWork.Api\ProyectoNetWork.Api.csproj", "{6BBE379B-1034-45DE-8D8A-60243E6EA974}"
EndProject
Project("{FAE04EC0-301F-11D3-BF4B-00C04F79EFBC}") = "ProyectoNetWork.Data", "ProyectoNetWork.Data\ProyectoNetWork.Data.csproj", "{70F4529C-490F-4112-A811-A76A319D2A31}"
EndProject
Project("{FAE04EC0-301F-11D3-BF4B-00C04F79EFBC}") = "ProyectoNetWork.Application", "ProyectoNetWork.Application\ProyectoNetWork.Application.csproj", "{1225517E-9366-4E23-8F97-1DA39ED20899}"
EndProject
Global
	GlobalSection(SolutionConfigurationPlatforms) = preSolution
		Debug|Any CPU = Debug|Any CPU
		Release|Any CPU = Release|Any CPU
	EndGlobalSection
	GlobalSection(ProjectConfigurationPlatforms) = postSolution
		{6BBE379B-1034-45DE-8D8A-60243E6EA974}.Debug|Any CPU.ActiveCfg = Debug|Any CPU
		{6BBE379B-1034-45DE-8D8A-60243E6EA974}.Debug|Any CPU.Build.0 = Debug|Any CPU
		{6BBE379B-1034-45DE-8D8A-60243E6EA974}.Release|Any CPU.ActiveCfg = Release|Any CPU
		{6BBE379B-1034-45DE-8D8A-60243E6EA974}.Release|Any CPU.Build.0 = Release|Any CPU
		{70F4529C-490F-4112-A811-A76A319D2A31}.Debug|Any CPU.ActiveCfg = Debug|Any CPU
		{70F4529C-490F-4112-A811-A76A319D2A31}.Debug|Any CPU.Build.0 = Debug|Any CPU
		{70F4529C-490F-4112-A811-A76A319D2A31}.Release|Any CPU.ActiveCfg = Release|Any CPU
		{70F4529C-490F-4112-A811-A76A319D2A31}.Release|Any CPU.Build.0 = Release|Any CPU
		{1225517E-9366-4E23-8F97-1DA39ED20899}.Debug|Any CPU.ActiveCfg = Debug|Any CPU
		{1225517E-9366-4E23-8F97-1DA39ED20899}.Debug|Any CPU.Build.0 = Debug|Any CPU
		{1225517E-9366-4E23-8F97-1DA39ED20899}.Release|Any CPU.ActiveCfg = Release|Any CPU
		{1225517E-9366-4E23-8F97-1DA39ED20899}.Release|Any CPU.Build.0 = Release|Any CPU
	EndGlobalSection
	GlobalSection(SolutionProperties) = preSolution
		HideSolutionNode = FALSE
	EndGlobalSection
	GlobalSection(ExtensibilityGlobals) = postSolution
		SolutionGuid = {C7025E55-86D3-4F84-9846-D54B90AD8641}
	EndGlobalSection
EndGlobal
